
Microsoft Visual Studio Solution File, Format Version 12.00
# Visual Studio 15
VisualStudioVersion = 15.0.28307.136
MinimumVisualStudioVersion = 10.0.40219.1
Project("{FAE04EC0-301F-11D3-BF4B-00C04F79EFBC}") = "ADME_Website", "ADME_Website\ADME_Website.csproj", "{288AFE3A-2A0B-48E1-88C3-A3A6D88068A8}"
EndProject
Global
	GlobalSection(SolutionConfigurationPlatforms) = preSolution
		Debug|Any CPU = Debug|Any CPU
		Release|Any CPU = Release|Any CPU
	EndGlobalSection
	GlobalSection(ProjectConfigurationPlatforms) = postSolution
		{288AFE3A-2A0B-48E1-88C3-A3A6D88068A8}.Debug|Any CPU.ActiveCfg = Debug|Any CPU
		{288AFE3A-2A0B-48E1-88C3-A3A6D88068A8}.Debug|Any CPU.Build.0 = Debug|Any CPU
		{288AFE3A-2A0B-48E1-88C3-A3A6D88068A8}.Release|Any CPU.ActiveCfg = Release|Any CPU
		{288AFE3A-2A0B-48E1-88C3-A3A6D88068A8}.Release|Any CPU.Build.0 = Release|Any CPU
	EndGlobalSection
	GlobalSection(SolutionProperties) = preSolution
		HideSolutionNode = FALSE
	EndGlobalSection
	GlobalSection(ExtensibilityGlobals) = postSolution
		SolutionGuid = {5B765184-85B1-44B4-9D4E-B8E8AC007007}
	EndGlobalSection
EndGlobal
